
Microsoft Visual Studio Solution File, Format Version 12.00
# Visual Studio Version 17
VisualStudioVersion = 17.5.33516.290
MinimumVisualStudioVersion = 10.0.40219.1
Project("{930C7802-8A8C-48F9-8165-68863BCCD9DD}") = "gsudomsi", "gsudo.Installer\gsudomsi.wixproj", "{34AAA3CF-95E5-41EA-8A00-C5F713BF664E}"
EndProject
Global
	GlobalSection(SolutionConfigurationPlatforms) = preSolution
		Debug|ARM64 = Debug|ARM64
		Debug|x64 = Debug|x64
		Debug|x86 = Debug|x86
		Release|ARM64 = Release|ARM64
		Release|x64 = Release|x64
		Release|x86 = Release|x86
	EndGlobalSection
	GlobalSection(ProjectConfigurationPlatforms) = postSolution
		{34AAA3CF-95E5-41EA-8A00-C5F713BF664E}.Debug|ARM64.ActiveCfg = Debug|ARM64
		{34AAA3CF-95E5-41EA-8A00-C5F713BF664E}.Debug|ARM64.Build.0 = Debug|ARM64
		{34AAA3CF-95E5-41EA-8A00-C5F713BF664E}.Debug|x64.ActiveCfg = Debug|x64
		{34AAA3CF-95E5-41EA-8A00-C5F713BF664E}.Debug|x64.Build.0 = Debug|x64
		{34AAA3CF-95E5-41EA-8A00-C5F713BF664E}.Debug|x86.ActiveCfg = Debug|x86
		{34AAA3CF-95E5-41EA-8A00-C5F713BF664E}.Debug|x86.Build.0 = Debug|x86
		{34AAA3CF-95E5-41EA-8A00-C5F713BF664E}.Release|ARM64.ActiveCfg = Release|ARM64
		{34AAA3CF-95E5-41EA-8A00-C5F713BF664E}.Release|ARM64.Build.0 = Release|ARM64
		{34AAA3CF-95E5-41EA-8A00-C5F713BF664E}.Release|x64.ActiveCfg = Release|x64
		{34AAA3CF-95E5-41EA-8A00-C5F713BF664E}.Release|x64.Build.0 = Release|x64
		{34AAA3CF-95E5-41EA-8A00-C5F713BF664E}.Release|x86.ActiveCfg = Release|x86
		{34AAA3CF-95E5-41EA-8A00-C5F713BF664E}.Release|x86.Build.0 = Release|x86
	EndGlobalSection
	GlobalSection(SolutionProperties) = preSolution
		HideSolutionNode = FALSE
	EndGlobalSection
	GlobalSection(ExtensibilityGlobals) = postSolution
		SolutionGuid = {E57E52F3-716F-4EE1-8339-3A1A96207D24}
	EndGlobalSection
EndGlobal
